
Microsoft Visual Studio Solution File, Format Version 12.00
# Visual Studio Version 16
VisualStudioVersion = 16.0.31424.327
MinimumVisualStudioVersion = 10.0.40219.1
Project("{9A19103F-16F7-4668-BE54-9A1E7A4F7556}") = "ForLoop15", "ForLoop15.csproj", "{308F73EB-CCE8-459C-8EFE-FA0FDAC6CB7D}"
EndProject
Global
	GlobalSection(SolutionConfigurationPlatforms) = preSolution
		Debug|Any CPU = Debug|Any CPU
		Release|Any CPU = Release|Any CPU
	EndGlobalSection
	GlobalSection(ProjectConfigurationPlatforms) = postSolution
		{308F73EB-CCE8-459C-8EFE-FA0FDAC6CB7D}.Debug|Any CPU.ActiveCfg = Debug|Any CPU
		{308F73EB-CCE8-459C-8EFE-FA0FDAC6CB7D}.Debug|Any CPU.Build.0 = Debug|Any CPU
		{308F73EB-CCE8-459C-8EFE-FA0FDAC6CB7D}.Release|Any CPU.ActiveCfg = Release|Any CPU
		{308F73EB-CCE8-459C-8EFE-FA0FDAC6CB7D}.Release|Any CPU.Build.0 = Release|Any CPU
	EndGlobalSection
	GlobalSection(SolutionProperties) = preSolution
		HideSolutionNode = FALSE
	EndGlobalSection
	GlobalSection(ExtensibilityGlobals) = postSolution
		SolutionGuid = {E4BA002B-7D96-4D48-B520-422B555CBE3D}
	EndGlobalSection
EndGlobal
